// !$*UTF8*$!
{
	archiveVersion = 1;
	classes = {
	};
	objectVersion = 46;
	objects = {

/* Begin PBXBuildFile section */
		89B55E221B3A7E5A00D4A4DB /* AppDelegate.swift in Sources */ = {isa = PBXBuildFile; fileRef = 89B55E211B3A7E5A00D4A4DB /* AppDelegate.swift */; };
		89B55E291B3A7E5A00D4A4DB /* Images.xcassets in Resources */ = {isa = PBXBuildFile; fileRef = 89B55E281B3A7E5A00D4A4DB /* Images.xcassets */; };
		89B55E2C1B3A7E5A00D4A4DB /* LaunchScreen.xib in Resources */ = {isa = PBXBuildFile; fileRef = 89B55E2A1B3A7E5A00D4A4DB /* LaunchScreen.xib */; };
		89B55E381B3A7E5A00D4A4DB /* CFSegmentControlTests.swift in Sources */ = {isa = PBXBuildFile; fileRef = 89B55E371B3A7E5A00D4A4DB /* CFSegmentControlTests.swift */; };
		89B55E431B3A7E6B00D4A4DB /* CFSegmentControl.swift in Sources */ = {isa = PBXBuildFile; fileRef = 89B55E421B3A7E6B00D4A4DB /* CFSegmentControl.swift */; };
		89B55E451B3A7E7F00D4A4DB /* ViewController.swift in Sources */ = {isa = PBXBuildFile; fileRef = 89B55E441B3A7E7F00D4A4DB /* ViewController.swift */; };
		89B55E471B3A7E8900D4A4DB /* Main.storyboard in Resources */ = {isa = PBXBuildFile; fileRef = 89B55E461B3A7E8900D4A4DB /* Main.storyboard */; };
		89B55E491B3A7E8F00D4A4DB /* show2.gif in Resources */ = {isa = PBXBuildFile; fileRef = 89B55E481B3A7E8F00D4A4DB /* show2.gif */; };
/* End PBXBuildFile section */

/* Begin PBXContainerItemProxy section */
		89B55E321B3A7E5A00D4A4DB /* PBXContainerItemProxy */ = {
			isa = PBXContainerItemProxy;
			containerPortal = 89B55E141B3A7E5900D4A4DB /* Project object */;
			proxyType = 1;
			remoteGlobalIDString = 89B55E1B1B3A7E5A00D4A4DB;
			remoteInfo = CFSegmentControl;
		};
/* End PBXContainerItemProxy section */

/* Begin PBXFileReference section */
		89B55E1C1B3A7E5A00D4A4DB /* CFSegmentControl.app */ = {isa = PBXFileReference; explicitFileType = wrapper.application; includeInIndex = 0; path = CFSegmentControl.app; sourceTree = BUILT_PRODUCTS_DIR; };
		89B55E201B3A7E5A00D4A4DB /* Info.plist */ = {isa = PBXFileReference; lastKnownFileType = text.plist.xml; path = Info.plist; sourceTree = "<group>"; };
		89B55E211B3A7E5A00D4A4DB /* AppDelegate.swift */ = {isa = PBXFileReference; lastKnownFileType = sourcecode.swift; path = AppDelegate.swift; sourceTree = "<group>"; };
		89B55E281B3A7E5A00D4A4DB /* Images.xcassets */ = {isa = PBXFileReference; lastKnownFileType = folder.assetcatalog; path = Images.xcassets; sourceTree = "<group>"; };
		89B55E2B1B3A7E5A00D4A4DB /* Base */ = {isa = PBXFileReference; lastKnownFileType = file.xib; name = Base; path = Base.lproj/LaunchScreen.xib; sourceTree = "<group>"; };
		89B55E311B3A7E5A00D4A4DB /* CFSegmentControlTests.xctest */ = {isa = PBXFileReference; explicitFileType = wrapper.cfbundle; includeInIndex = 0; path = CFSegmentControlTests.xctest; sourceTree = BUILT_PRODUCTS_DIR; };
		89B55E361B3A7E5A00D4A4DB /* Info.plist */ = {isa = PBXFileReference; lastKnownFileType = text.plist.xml; path = Info.plist; sourceTree = "<group>"; };
		89B55E371B3A7E5A00D4A4DB /* CFSegmentControlTests.swift */ = {isa = PBXFileReference; lastKnownFileType = sourcecode.swift; path = CFSegmentControlTests.swift; sourceTree = "<group>"; };
		89B55E421B3A7E6B00D4A4DB /* CFSegmentControl.swift */ = {isa = PBXFileReference; fileEncoding = 4; lastKnownFileType = sourcecode.swift; path = CFSegmentControl.swift; sourceTree = "<group>"; };
		89B55E441B3A7E7F00D4A4DB /* ViewController.swift */ = {isa = PBXFileReference; fileEncoding = 4; lastKnownFileType = sourcecode.swift; path = ViewController.swift; sourceTree = "<group>"; };
		89B55E461B3A7E8900D4A4DB /* Main.storyboard */ = {isa = PBXFileReference; fileEncoding = 4; lastKnownFileType = file.storyboard; path = Main.storyboard; sourceTree = "<group>"; };
		89B55E481B3A7E8F00D4A4DB /* show2.gif */ = {isa = PBXFileReference; lastKnownFileType = image.gif; path = show2.gif; sourceTree = "<group>"; };
/* End PBXFileReference section */

/* Begin PBXFrameworksBuildPhase section */
		89B55E191B3A7E5A00D4A4DB /* Frameworks */ = {
			isa = PBXFrameworksBuildPhase;
			buildActionMask = 2147483647;
			files = (
			);
			runOnlyForDeploymentPostprocessing = 0;
		};
		89B55E2E1B3A7E5A00D4A4DB /* Frameworks */ = {
			isa = PBXFrameworksBuildPhase;
			buildActionMask = 2147483647;
			files = (
			);
			runOnlyForDeploymentPostprocessing = 0;
		};
/* End PBXFrameworksBuildPhase section */

/* Begin PBXGroup section */
		89B55E131B3A7E5900D4A4DB = {
			isa = PBXGroup;
			children = (
				89B55E1E1B3A7E5A00D4A4DB /* CFSegmentControl */,
				89B55E341B3A7E5A00D4A4DB /* CFSegmentControlTests */,
				89B55E1D1B3A7E5A00D4A4DB /* Products */,
			);
			sourceTree = "<group>";
		};
		89B55E1D1B3A7E5A00D4A4DB /* Products */ = {
			isa = PBXGroup;
			children = (
				89B55E1C1B3A7E5A00D4A4DB /* CFSegmentControl.app */,
				89B55E311B3A7E5A00D4A4DB /* CFSegmentControlTests.xctest */,
			);
			name = Products;
			sourceTree = "<group>";
		};
		89B55E1E1B3A7E5A00D4A4DB /* CFSegmentControl */ = {
			isa = PBXGroup;
			children = (
				89B55E411B3A7E6B00D4A4DB /* CFSegmentControl */,
				89B55E211B3A7E5A00D4A4DB /* AppDelegate.swift */,
				89B55E441B3A7E7F00D4A4DB /* ViewController.swift */,
				89B55E461B3A7E8900D4A4DB /* Main.storyboard */,
				89B55E281B3A7E5A00D4A4DB /* Images.xcassets */,
				89B55E2A1B3A7E5A00D4A4DB /* LaunchScreen.xib */,
				89B55E1F1B3A7E5A00D4A4DB /* Supporting Files */,
			);
			path = CFSegmentControl;
			sourceTree = "<group>";
		};
		89B55E1F1B3A7E5A00D4A4DB /* Supporting Files */ = {
			isa = PBXGroup;
			children = (
				89B55E481B3A7E8F00D4A4DB /* show2.gif */,
				89B55E201B3A7E5A00D4A4DB /* Info.plist */,
			);
			name = "Supporting Files";
			sourceTree = "<group>";
		};
		89B55E341B3A7E5A00D4A4DB /* CFSegmentControlTests */ = {
			isa = PBXGroup;
			children = (
				89B55E371B3A7E5A00D4A4DB /* CFSegmentControlTests.swift */,
				89B55E351B3A7E5A00D4A4DB /* Supporting Files */,
			);
			path = CFSegmentControlTests;
			sourceTree = "<group>";
		};
		89B55E351B3A7E5A00D4A4DB /* Supporting Files */ = {
			isa = PBXGroup;
			children = (
				89B55E361B3A7E5A00D4A4DB /* Info.plist */,
			);
			name = "Supporting Files";
			sourceTree = "<group>";
		};
		89B55E411B3A7E6B00D4A4DB /* CFSegmentControl */ = {
			isa = PBXGroup;
			children = (
				89B55E421B3A7E6B00D4A4DB /* CFSegmentControl.swift */,
			);
			path = CFSegmentControl;
			sourceTree = "<group>";
		};
/* End PBXGroup section */

/* Begin PBXNativeTarget section */
		89B55E1B1B3A7E5A00D4A4DB /* CFSegmentControl */ = {
			isa = PBXNativeTarget;
			buildConfigurationList = 89B55E3B1B3A7E5A00D4A4DB /* Build configuration list for PBXNativeTarget "CFSegmentControl" */;
			buildPhases = (
				89B55E181B3A7E5A00D4A4DB /* Sources */,
				89B55E191B3A7E5A00D4A4DB /* Frameworks */,
				89B55E1A1B3A7E5A00D4A4DB /* Resources */,
			);
			buildRules = (
			);
			dependencies = (
			);
			name = CFSegmentControl;
			productName = CFSegmentControl;
			productReference = 89B55E1C1B3A7E5A00D4A4DB /* CFSegmentControl.app */;
			productType = "com.apple.product-type.application";
		};
		89B55E301B3A7E5A00D4A4DB /* CFSegmentControlTests */ = {
			isa = PBXNativeTarget;
			buildConfigurationList = 89B55E3E1B3A7E5A00D4A4DB /* Build configuration list for PBXNativeTarget "CFSegmentControlTests" */;
			buildPhases = (
				89B55E2D1B3A7E5A00D4A4DB /* Sources */,
				89B55E2E1B3A7E5A00D4A4DB /* Frameworks */,
				89B55E2F1B3A7E5A00D4A4DB /* Resources */,
			);
			buildRules = (
			);
			dependencies = (
				89B55E331B3A7E5A00D4A4DB /* PBXTargetDependency */,
			);
			name = CFSegmentControlTests;
			productName = CFSegmentControlTests;
			productReference = 89B55E311B3A7E5A00D4A4DB /* CFSegmentControlTests.xctest */;
			productType = "com.apple.product-type.bundle.unit-test";
		};
/* End PBXNativeTarget section */

/* Begin PBXProject section */
		89B55E141B3A7E5900D4A4DB /* Project object */ = {
			isa = PBXProject;
			attributes = {
				LastUpgradeCheck = 0630;
				ORGANIZATIONNAME = "冯成林";
				TargetAttributes = {
					89B55E1B1B3A7E5A00D4A4DB = {
						CreatedOnToolsVersion = 6.3.1;
					};
					89B55E301B3A7E5A00D4A4DB = {
						CreatedOnToolsVersion = 6.3.1;
						TestTargetID = 89B55E1B1B3A7E5A00D4A4DB;
					};
				};
			};
			buildConfigurationList = 89B55E171B3A7E5900D4A4DB /* Build configuration list for PBXProject "CFSegmentControl" */;
			compatibilityVersion = "Xcode 3.2";
			developmentRegion = English;
			hasScannedForEncodings = 0;
			knownRegions = (
				en,
				Base,
			);
			mainGroup = 89B55E131B3A7E5900D4A4DB;
			productRefGroup = 89B55E1D1B3A7E5A00D4A4DB /* Products */;
			projectDirPath = "";
			projectRoot = "";
			targets = (
				89B55E1B1B3A7E5A00D4A4DB /* CFSegmentControl */,
				89B55E301B3A7E5A00D4A4DB /* CFSegmentControlTests */,
			);
		};
/* End PBXProject section */

/* Begin PBXResourcesBuildPhase section */
		89B55E1A1B3A7E5A00D4A4DB /* Resources */ = {
			isa = PBXResourcesBuildPhase;
			buildActionMask = 2147483647;
			files = (
				89B55E491B3A7E8F00D4A4DB /* show2.gif in Resources */,
				89B55E471B3A7E8900D4A4DB /* Main.storyboard in Resources */,
				89B55E2C1B3A7E5A00D4A4DB /* LaunchScreen.xib in Resources */,
				89B55E291B3A7E5A00D4A4DB /* Images.xcassets in Resources */,
			);
			runOnlyForDeploymentPostprocessing = 0;
		};
		89B55E2F1B3A7E5A00D4A4DB /* Resources */ = {
			isa = PBXResourcesBuildPhase;
			buildActionMask = 2147483647;
			files = (
			);
			runOnlyForDeploymentPostprocessing = 0;
		};
/* End PBXResourcesBuildPhase section */

/* Begin PBXSourcesBuildPhase section */
		89B55E181B3A7E5A00D4A4DB /* Sources */ = {
			isa = PBXSourcesBuildPhase;
			buildActionMask = 2147483647;
			files = (
				89B55E451B3A7E7F00D4A4DB /* ViewController.swift in Sources */,
				89B55E431B3A7E6B00D4A4DB /* CFSegmentControl.swift in Sources */,
				89B55E221B3A7E5A00D4A4DB /* AppDelegate.swift in Sources */,
			);
			runOnlyForDeploymentPostprocessing = 0;
		};
		89B55E2D1B3A7E5A00D4A4DB /* Sources */ = {
			isa = PBXSourcesBuildPhase;
			buildActionMask = 2147483647;
			files = (
				89B55E381B3A7E5A00D4A4DB /* CFSegmentControlTests.swift in Sources */,
			);
			runOnlyForDeploymentPostprocessing = 0;
		};
/* End PBXSourcesBuildPhase section */

/* Begin PBXTargetDependency section */
		89B55E331B3A7E5A00D4A4DB /* PBXTargetDependency */ = {
			isa = PBXTargetDependency;
			target = 89B55E1B1B3A7E5A00D4A4DB /* CFSegmentControl */;
			targetProxy = 89B55E321B3A7E5A00D4A4DB /* PBXContainerItemProxy */;
		};
/* End PBXTargetDependency section */

/* Begin PBXVariantGroup section */
		89B55E2A1B3A7E5A00D4A4DB /* LaunchScreen.xib */ = {
			isa = PBXVariantGroup;
			children = (
				89B55E2B1B3A7E5A00D4A4DB /* Base */,
			);
			name = LaunchScreen.xib;
			sourceTree = "<group>";
		};
/* End PBXVariantGroup section */

/* Begin XCBuildConfiguration section */
		89B55E391B3A7E5A00D4A4DB /* Debug */ = {
			isa = XCBuildConfiguration;
			buildSettings = {
				ALWAYS_SEARCH_USER_PATHS = NO;
				CLANG_CXX_LANGUAGE_STANDARD = "gnu++0x";
				CLANG_CXX_LIBRARY = "libc++";
				CLANG_ENABLE_MODULES = YES;
				CLANG_ENABLE_OBJC_ARC = YES;
				CLANG_WARN_BOOL_CONVERSION = YES;
				CLANG_WARN_CONSTANT_CONVERSION = YES;
				CLANG_WARN_DIRECT_OBJC_ISA_USAGE = YES_ERROR;
				CLANG_WARN_EMPTY_BODY = YES;
				CLANG_WARN_ENUM_CONVERSION = YES;
				CLANG_WARN_INT_CONVERSION = YES;
				CLANG_WARN_OBJC_ROOT_CLASS = YES_ERROR;
				CLANG_WARN_UNREACHABLE_CODE = YES;
				CLANG_WARN__DUPLICATE_METHOD_MATCH = YES;
				"CODE_SIGN_IDENTITY[sdk=iphoneos*]" = "iPhone Developer";
				COPY_PHASE_STRIP = NO;
				DEBUG_INFORMATION_FORMAT = "dwarf-with-dsym";
				ENABLE_STRICT_OBJC_MSGSEND = YES;
				GCC_C_LANGUAGE_STANDARD = gnu99;
				GCC_DYNAMIC_NO_PIC = NO;
				GCC_NO_COMMON_BLOCKS = YES;
				GCC_OPTIMIZATION_LEVEL = 0;
				GCC_PREPROCESSOR_DEFINITIONS = (
					"DEBUG=1",
					"$(inherited)",
				);
				GCC_SYMBOLS_PRIVATE_EXTERN = NO;
				GCC_WARN_64_TO_32_BIT_CONVERSION = YES;
				GCC_WARN_ABOUT_RETURN_TYPE = YES_ERROR;
				GCC_WARN_UNDECLARED_SELECTOR = YES;
				GCC_WARN_UNINITIALIZED_AUTOS = YES_AGGRESSIVE;
				GCC_WARN_UNUSED_FUNCTION = YES;
				GCC_WARN_UNUSED_VARIABLE = YES;
				IPHONEOS_DEPLOYMENT_TARGET = 8.3;
				MTL_ENABLE_DEBUG_INFO = YES;
				ONLY_ACTIVE_ARCH = YES;
				SDKROOT = iphoneos;
				SWIFT_OPTIMIZATION_LEVEL = "-Onone";
			};
			name = Debug;
		};
		89B55E3A1B3A7E5A00D4A4DB /* Release */ = {
			isa = XCBuildConfiguration;
			buildSettings = {
				ALWAYS_SEARCH_USER_PATHS = NO;
				CLANG_CXX_LANGUAGE_STANDARD = "gnu++0x";
				CLANG_CXX_LIBRARY = "libc++";
				CLANG_ENABLE_MODULES = YES;
				CLANG_ENABLE_OBJC_ARC = YES;
				CLANG_WARN_BOOL_CONVERSION = YES;
				CLANG_WARN_CONSTANT_CONVERSION = YES;
				CLANG_WARN_DIRECT_OBJC_ISA_USAGE = YES_ERROR;
				CLANG_WARN_EMPTY_BODY = YES;
				CLANG_WARN_ENUM_CONVERSION = YES;
				CLANG_WARN_INT_CONVERSION = YES;
				CLANG_WARN_OBJC_ROOT_CLASS = YES_ERROR;
				CLANG_WARN_UNREACHABLE_CODE = YES;
				CLANG_WARN__DUPLICATE_METHOD_MATCH = YES;
				"CODE_SIGN_IDENTITY[sdk=iphoneos*]" = "iPhone Developer";
				COPY_PHASE_STRIP = NO;
				DEBUG_INFORMATION_FORMAT = "dwarf-with-dsym";
				ENABLE_NS_ASSERTIONS = NO;
				ENABLE_STRICT_OBJC_MSGSEND = YES;
				GCC_C_LANGUAGE_STANDARD = gnu99;
				GCC_NO_COMMON_BLOCKS = YES;
				GCC_WARN_64_TO_32_BIT_CONVERSION = YES;
				GCC_WARN_ABOUT_RETURN_TYPE = YES_ERROR;
				GCC_WARN_UNDECLARED_SELECTOR = YES;
				GCC_WARN_UNINITIALIZED_AUTOS = YES_AGGRESSIVE;
				GCC_WARN_UNUSED_FUNCTION = YES;
				GCC_WARN_UNUSED_VARIABLE = YES;
				IPHONEOS_DEPLOYMENT_TARGET = 8.3;
				MTL_ENABLE_DEBUG_INFO = NO;
				SDKROOT = iphoneos;
				VALIDATE_PRODUCT = YES;
			};
			name = Release;
		};
		89B55E3C1B3A7E5A00D4A4DB /* Debug */ = {
			isa = XCBuildConfiguration;
			buildSettings = {
				ASSETCATALOG_COMPILER_APPICON_NAME = AppIcon;
				ASSETCATALOG_COMPILER_LAUNCHIMAGE_NAME = LaunchImage;
				INFOPLIST_FILE = CFSegmentControl/Info.plist;
				IPHONEOS_DEPLOYMENT_TARGET = 7.0;
				LD_RUNPATH_SEARCH_PATHS = "$(inherited) @executable_path/Frameworks";
				PRODUCT_NAME = "$(TARGET_NAME)";
			};
			name = Debug;
		};
		89B55E3D1B3A7E5A00D4A4DB /* Release */ = {
			isa = XCBuildConfiguration;
			buildSettings = {
				ASSETCATALOG_COMPILER_APPICON_NAME = AppIcon;
				ASSETCATALOG_COMPILER_LAUNCHIMAGE_NAME = LaunchImage;
				INFOPLIST_FILE = CFSegmentControl/Info.plist;
				IPHONEOS_DEPLOYMENT_TARGET = 7.0;
				LD_RUNPATH_SEARCH_PATHS = "$(inherited) @executable_path/Frameworks";
				PRODUCT_NAME = "$(TARGET_NAME)";
			};
			name = Release;
		};
		89B55E3F1B3A7E5A00D4A4DB /* Debug */ = {
			isa = XCBuildConfiguration;
			buildSettings = {
				BUNDLE_LOADER = "$(TEST_HOST)";
				FRAMEWORK_SEARCH_PATHS = (
					"$(SDKROOT)/Developer/Library/Frameworks",
					"$(inherited)",
				);
				GCC_PREPROCESSOR_DEFINITIONS = (
					"DEBUG=1",
					"$(inherited)",
				);
				INFOPLIST_FILE = CFSegmentControlTests/Info.plist;
				LD_RUNPATH_SEARCH_PATHS = "$(inherited) @executable_path/Frameworks @loader_path/Frameworks";
				PRODUCT_NAME = "$(TARGET_NAME)";
				TEST_HOST = "$(BUILT_PRODUCTS_DIR)/CFSegmentControl.app/CFSegmentControl";
			};
			name = Debug;
		};
		89B55E401B3A7E5A00D4A4DB /* Release */ = {
			isa = XCBuildConfiguration;
			buildSettings = {
				BUNDLE_LOADER = "$(TEST_HOST)";
				FRAMEWORK_SEARCH_PATHS = (
					"$(SDKROOT)/Developer/Library/Frameworks",
					"$(inherited)",
				);
				INFOPLIST_FILE = CFSegmentControlTests/Info.plist;
				LD_RUNPATH_SEARCH_PATHS = "$(inherited) @executable_path/Frameworks @loader_path/Frameworks";
				PRODUCT_NAME = "$(TARGET_NAME)";
				TEST_HOST = "$(BUILT_PRODUCTS_DIR)/CFSegmentControl.app/CFSegmentControl";
			};
			name = Release;
		};
/* End XCBuildConfiguration section */

/* Begin XCConfigurationList section */
		89B55E171B3A7E5900D4A4DB /* Build configuration list for PBXProject "CFSegmentControl" */ = {
			isa = XCConfigurationList;
			buildConfigurations = (
				89B55E391B3A7E5A00D4A4DB /* Debug */,
				89B55E3A1B3A7E5A00D4A4DB /* Release */,
			);
			defaultConfigurationIsVisible = 0;
			defaultConfigurationName = Release;
		};
		89B55E3B1B3A7E5A00D4A4DB /* Build configuration list for PBXNativeTarget "CFSegmentControl" */ = {
			isa = XCConfigurationList;
			buildConfigurations = (
				89B55E3C1B3A7E5A00D4A4DB /* Debug */,
				89B55E3D1B3A7E5A00D4A4DB /* Release */,
			);
			defaultConfigurationIsVisible = 0;
		};
		89B55E3E1B3A7E5A00D4A4DB /* Build configuration list for PBXNativeTarget "CFSegmentControlTests" */ = {
			isa = XCConfigurationList;
			buildConfigurations = (
				89B55E3F1B3A7E5A00D4A4DB /* Debug */,
				89B55E401B3A7E5A00D4A4DB /* Release */,
			);
			defaultConfigurationIsVisible = 0;
		};
/* End XCConfigurationList section */
	};
	rootObject = 89B55E141B3A7E5900D4A4DB /* Project object */;
}
